<?xml version="1.0" encoding="utf-8"?>
<Project ToolsVersion="4.0" xmlns="http://schemas.microsoft.com/developer/msbuild/2003">
  <ItemGroup>
    <ClCompile Include="main.cpp" />
    <ClCompile Include="DevectorApp.cpp" />
    <ClCompile Include="..\SharedSource\3rdParty\sqlite3\shell.c">
      <Filter>SharedSource\3rdParty\sqlite3</Filter>
    </ClCompile>
    <ClCompile Include="..\SharedSource\3rdParty\sqlite3\sqlite3.c">
      <Filter>SharedSource\3rdParty\sqlite3</Filter>
    </ClCompile>
    <ClCompile Include="..\SharedSource\3rdParty\imgui\imgui.cpp">
      <Filter>SharedSource\3rdParty\imgui</Filter>
    </ClCompile>
    <ClCompile Include="..\SharedSource\3rdParty\imgui\imgui_demo.cpp">
      <Filter>SharedSource\3rdParty\imgui</Filter>
    </ClCompile>
    <ClCompile Include="..\SharedSource\3rdParty\imgui\imgui_draw.cpp">
      <Filter>SharedSource\3rdParty\imgui</Filter>
    </ClCompile>
    <ClCompile Include="..\SharedSource\3rdParty\imgui\imgui_tables.cpp">
      <Filter>SharedSource\3rdParty\imgui</Filter>
    </ClCompile>
    <ClCompile Include="..\SharedSource\3rdParty\imgui\imgui_widgets.cpp">
      <Filter>SharedSource\3rdParty\imgui</Filter>
    </ClCompile>
    <ClCompile Include="..\SharedSource\3rdParty\imgui\backends\imgui_impl_glfw.cpp">
      <Filter>SharedSource\3rdParty\imgui</Filter>
    </ClCompile>
    <ClCompile Include="..\SharedSource\3rdParty\imgui\backends\imgui_impl_opengl3.cpp">
      <Filter>SharedSource\3rdParty\imgui</Filter>
    </ClCompile>
    <ClCompile Include="..\SharedSource\3rdParty\imgui\misc\cpp\imgui_stdlib.cpp">
      <Filter>SharedSource\3rdParty\imgui</Filter>
    </ClCompile>
    <ClCompile Include="Core\Debugger.cpp">
      <Filter>Core</Filter>
    </ClCompile>
    <ClCompile Include="Core\Display.cpp">
      <Filter>Core</Filter>
    </ClCompile>
    <ClCompile Include="Core\Hardware.cpp">
      <Filter>Core</Filter>
    </ClCompile>
    <ClCompile Include="Core\I8080.cpp">
      <Filter>Core</Filter>
    </ClCompile>
    <ClCompile Include="Core\IO.cpp">
      <Filter>Core</Filter>
    </ClCompile>
    <ClCompile Include="Core\Keyboard.cpp">
      <Filter>Core</Filter>
    </ClCompile>
    <ClCompile Include="Core\Memory.cpp">
      <Filter>Core</Filter>
    </ClCompile>
    <ClCompile Include="Core\Watchpoint.cpp">
      <Filter>Core</Filter>
    </ClCompile>
    <ClCompile Include="Core\Breakpoint.cpp">
      <Filter>Core</Filter>
    </ClCompile>
    <ClCompile Include="UI\BreakpointsWindow.cpp">
      <Filter>UI</Filter>
    </ClCompile>
    <ClCompile Include="UI\DisasmWindow.cpp">
      <Filter>UI</Filter>
    </ClCompile>
    <ClCompile Include="UI\DisplayWindow.cpp">
      <Filter>UI</Filter>
    </ClCompile>
    <ClCompile Include="UI\HardwareStatsWindow.cpp">
      <Filter>UI</Filter>
    </ClCompile>
    <ClCompile Include="UI\MemDisplayWindow.cpp">
      <Filter>UI</Filter>
    </ClCompile>
    <ClCompile Include="UI\HexViewerWindow.cpp">
      <Filter>UI</Filter>
    </ClCompile>
    <ClCompile Include="UI\WatchpointsWindow.cpp">
      <Filter>UI</Filter>
    </ClCompile>
    <ClCompile Include="UI\BaseWindow.cpp">
      <Filter>UI</Filter>
    </ClCompile>
    <ClCompile Include="Utils\GLUtils.cpp">
      <Filter>Utils</Filter>
    </ClCompile>
    <ClCompile Include="Utils\ImGuiApp.cpp">
      <Filter>Utils</Filter>
    </ClCompile>
    <ClCompile Include="Utils\ImGuiUtils.cpp">
      <Filter>Utils</Filter>
    </ClCompile>
    <ClCompile Include="Utils\JsonUtils.cpp">
      <Filter>Utils</Filter>
    </ClCompile>
    <ClCompile Include="Utils\StringUtils.cpp">
      <Filter>Utils</Filter>
    </ClCompile>
    <ClCompile Include="Utils\Utils.cpp">
      <Filter>Utils</Filter>
    </ClCompile>
    <ClCompile Include="Utils\ArgsParser.cpp">
      <Filter>Utils</Filter>
    </ClCompile>
    <ClCompile Include="UI\TraceLogWindow.cpp">
      <Filter>UI</Filter>
    </ClCompile>
  </ItemGroup>
  <ItemGroup>
    <ClInclude Include="DevectorApp.h" />
    <ClInclude Include="..\SharedSource\3rdParty\sqlite3\sqlite3.h">
      <Filter>SharedSource\3rdParty\sqlite3</Filter>
    </ClInclude>
    <ClInclude Include="..\SharedSource\3rdParty\sqlite3\sqlite3ext.h">
      <Filter>SharedSource\3rdParty\sqlite3</Filter>
    </ClInclude>
    <ClInclude Include="..\SharedSource\3rdParty\imgui\imconfig.h">
      <Filter>SharedSource\3rdParty\imgui</Filter>
    </ClInclude>
    <ClInclude Include="..\SharedSource\3rdParty\imgui\imgui.h">
      <Filter>SharedSource\3rdParty\imgui</Filter>
    </ClInclude>
    <ClInclude Include="..\SharedSource\3rdParty\imgui\imgui_internal.h">
      <Filter>SharedSource\3rdParty\imgui</Filter>
    </ClInclude>
    <ClInclude Include="..\SharedSource\3rdParty\imgui\backends\imgui_impl_glfw.h">
      <Filter>SharedSource\3rdParty\imgui</Filter>
    </ClInclude>
    <ClInclude Include="..\SharedSource\3rdParty\imgui\backends\imgui_impl_opengl3.h">
      <Filter>SharedSource\3rdParty\imgui</Filter>
    </ClInclude>
    <ClInclude Include="..\SharedSource\3rdParty\imgui\backends\imgui_impl_opengl3_loader.h">
      <Filter>SharedSource\3rdParty\imgui</Filter>
    </ClInclude>
    <ClInclude Include="..\SharedSource\3rdParty\imgui\misc\cpp\imgui_stdlib.h">
      <Filter>SharedSource\3rdParty\imgui</Filter>
    </ClInclude>
    <ClInclude Include="..\SharedSource\3rdParty\imgui\examples\libs\glfw\include\GLFW\glfw3native.h">
      <Filter>SharedSource\3rdParty\glfw</Filter>
    </ClInclude>
    <ClInclude Include="..\SharedSource\3rdParty\imgui\examples\libs\glfw\include\GLFW\glfw3.h">
      <Filter>SharedSource\3rdParty\glfw</Filter>
    </ClInclude>
    <ClInclude Include="..\SharedSource\3rdParty\glew\include\GL\glew.h">
      <Filter>SharedSource\3rdParty\glew</Filter>
    </ClInclude>
    <ClInclude Include="Core\Breakpoint.h">
      <Filter>Core</Filter>
    </ClInclude>
    <ClInclude Include="Core\Debugger.h">
      <Filter>Core</Filter>
    </ClInclude>
    <ClInclude Include="Core\Display.h">
      <Filter>Core</Filter>
    </ClInclude>
    <ClInclude Include="Core\Hardware.h">
      <Filter>Core</Filter>
    </ClInclude>
    <ClInclude Include="Core\I8080.h">
      <Filter>Core</Filter>
    </ClInclude>
    <ClInclude Include="Core\IO.h">
      <Filter>Core</Filter>
    </ClInclude>
    <ClInclude Include="Core\Keyboard.h">
      <Filter>Core</Filter>
    </ClInclude>
    <ClInclude Include="Core\Memory.h">
      <Filter>Core</Filter>
    </ClInclude>
    <ClInclude Include="Core\Watchpoint.h">
      <Filter>Core</Filter>
    </ClInclude>
    <ClInclude Include="UI\BaseWindow.h">
      <Filter>UI</Filter>
    </ClInclude>
    <ClInclude Include="UI\BreakpointsWindow.h">
      <Filter>UI</Filter>
    </ClInclude>
    <ClInclude Include="UI\DisasmWindow.h">
      <Filter>UI</Filter>
    </ClInclude>
    <ClInclude Include="UI\DisplayWindow.h">
      <Filter>UI</Filter>
    </ClInclude>
    <ClInclude Include="UI\HardwareStatsWindow.h">
      <Filter>UI</Filter>
    </ClInclude>
    <ClInclude Include="UI\MemDisplayWindow.h">
      <Filter>UI</Filter>
    </ClInclude>
    <ClInclude Include="UI\HexViewerWindow.h">
      <Filter>UI</Filter>
    </ClInclude>
    <ClInclude Include="UI\WatchpointsWindow.h">
      <Filter>UI</Filter>
    </ClInclude>
    <ClInclude Include="Utils\GLUtils.h">
      <Filter>Utils</Filter>
    </ClInclude>
    <ClInclude Include="Utils\ImGuiApp.h">
      <Filter>Utils</Filter>
    </ClInclude>
    <ClInclude Include="Utils\ImGuiUtils.h">
      <Filter>Utils</Filter>
    </ClInclude>
    <ClInclude Include="Utils\JsonUtils.h">
      <Filter>Utils</Filter>
    </ClInclude>
    <ClInclude Include="Utils\Result.h">
      <Filter>Utils</Filter>
    </ClInclude>
    <ClInclude Include="Utils\Status.h">
      <Filter>Utils</Filter>
    </ClInclude>
    <ClInclude Include="Utils\StringUtils.h">
      <Filter>Utils</Filter>
    </ClInclude>
    <ClInclude Include="Utils\TQueue.h">
      <Filter>Utils</Filter>
    </ClInclude>
    <ClInclude Include="Utils\Types.h">
      <Filter>Utils</Filter>
    </ClInclude>
    <ClInclude Include="Utils\Utils.h">
      <Filter>Utils</Filter>
    </ClInclude>
    <ClInclude Include="Utils\ArgsParser.h">
      <Filter>Utils</Filter>
    </ClInclude>
    <ClInclude Include="Utils\Consts.h">
      <Filter>Utils</Filter>
    </ClInclude>
    <ClInclude Include="UI\TraceLogWindow.h">
      <Filter>UI</Filter>
    </ClInclude>
  </ItemGroup>
  <ItemGroup>
    <Filter Include="SharedSource">
      <UniqueIdentifier>{cb12fcba-4c9d-4bc6-a131-cbd1911178e5}</UniqueIdentifier>
    </Filter>
    <Filter Include="SharedSource\3rdParty">
      <UniqueIdentifier>{731ef5be-41e8-43c3-8455-be759cc8c2fe}</UniqueIdentifier>
    </Filter>
    <Filter Include="SharedSource\3rdParty\json">
      <UniqueIdentifier>{d63a61a7-4a5d-4aa2-9473-3b706b2162a9}</UniqueIdentifier>
    </Filter>
    <Filter Include="SharedSource\3rdParty\sqlite3">
      <UniqueIdentifier>{5f9506fd-ab86-4977-809b-0b260f8cb092}</UniqueIdentifier>
    </Filter>
    <Filter Include="SharedSource\3rdParty\doubleToStr">
      <UniqueIdentifier>{4bbd35c5-450f-44a5-bdb3-6f42cdbfbff9}</UniqueIdentifier>
    </Filter>
    <Filter Include="SharedSource\3rdParty\imgui">
      <UniqueIdentifier>{659ce8a3-5b90-4677-ba4b-71c334f756c9}</UniqueIdentifier>
    </Filter>
    <Filter Include="SharedSource\3rdParty\glew">
      <UniqueIdentifier>{0cc78307-a3f3-4661-9ab8-f8551a6801f6}</UniqueIdentifier>
    </Filter>
    <Filter Include="SharedSource\3rdParty\glfw">
      <UniqueIdentifier>{5970f580-d2e7-4c37-864f-e63c6a6233bc}</UniqueIdentifier>
    </Filter>
    <Filter Include="Core">
      <UniqueIdentifier>{ab70a57d-c639-46b8-a2a8-e9f22e0d30f2}</UniqueIdentifier>
    </Filter>
    <Filter Include="UI">
      <UniqueIdentifier>{a41a3537-054d-4f68-8e87-925e780e6d66}</UniqueIdentifier>
    </Filter>
    <Filter Include="Utils">
      <UniqueIdentifier>{00d017b3-b3f0-4ba0-a9d5-148576dcfe60}</UniqueIdentifier>
    </Filter>
  </ItemGroup>
  <ItemGroup>
    <None Include="..\SharedSource\3rdParty\imgui\misc\debuggers\imgui.natstepfilter">
      <Filter>SharedSource\3rdParty\imgui</Filter>
    </None>
  </ItemGroup>
  <ItemGroup>
    <Natvis Include="..\SharedSource\3rdParty\imgui\misc\debuggers\imgui.natvis">
      <Filter>SharedSource\3rdParty\imgui</Filter>
    </Natvis>
  </ItemGroup>
</Project>