<?xml version="1.0" encoding="utf-8"?>
<Project ToolsVersion="4.0" xmlns="http://schemas.microsoft.com/developer/msbuild/2003">
  <ItemGroup>
    <ClCompile Include="main.cpp" />
    <ClCompile Include="DevectorApp.cpp" />
    <ClCompile Include="..\SharedSource\3rdParty\sqlite3\shell.c">
      <Filter>SharedSource\3rdParty\sqlite3</Filter>
    </ClCompile>
    <ClCompile Include="..\SharedSource\3rdParty\sqlite3\sqlite3.c">
      <Filter>SharedSource\3rdParty\sqlite3</Filter>
    </ClCompile>
    <ClCompile Include="..\SharedSource\3rdParty\imgui\imgui.cpp">
      <Filter>SharedSource\3rdParty\imgui</Filter>
    </ClCompile>
    <ClCompile Include="..\SharedSource\3rdParty\imgui\imgui_demo.cpp">
      <Filter>SharedSource\3rdParty\imgui</Filter>
    </ClCompile>
    <ClCompile Include="..\SharedSource\3rdParty\imgui\imgui_draw.cpp">
      <Filter>SharedSource\3rdParty\imgui</Filter>
    </ClCompile>
    <ClCompile Include="..\SharedSource\3rdParty\imgui\imgui_tables.cpp">
      <Filter>SharedSource\3rdParty\imgui</Filter>
    </ClCompile>
    <ClCompile Include="..\SharedSource\3rdParty\imgui\imgui_widgets.cpp">
      <Filter>SharedSource\3rdParty\imgui</Filter>
    </ClCompile>
    <ClCompile Include="..\SharedSource\3rdParty\imgui\backends\imgui_impl_glfw.cpp">
      <Filter>SharedSource\3rdParty\imgui</Filter>
    </ClCompile>
    <ClCompile Include="..\SharedSource\3rdParty\imgui\backends\imgui_impl_opengl3.cpp">
      <Filter>SharedSource\3rdParty\imgui</Filter>
    </ClCompile>
    <ClCompile Include="..\SharedSource\3rdParty\imgui\misc\cpp\imgui_stdlib.cpp">
      <Filter>SharedSource\3rdParty\imgui</Filter>
    </ClCompile>
    <ClCompile Include="UI\BreakpointsWindow.cpp">
      <Filter>UI</Filter>
    </ClCompile>
    <ClCompile Include="UI\DisasmWindow.cpp">
      <Filter>UI</Filter>
    </ClCompile>
    <ClCompile Include="UI\DisplayWindow.cpp">
      <Filter>UI</Filter>
    </ClCompile>
    <ClCompile Include="UI\HardwareStatsWindow.cpp">
      <Filter>UI</Filter>
    </ClCompile>
    <ClCompile Include="UI\MemDisplayWindow.cpp">
      <Filter>UI</Filter>
    </ClCompile>
    <ClCompile Include="UI\HexViewerWindow.cpp">
      <Filter>UI</Filter>
    </ClCompile>
    <ClCompile Include="UI\WatchpointsWindow.cpp">
      <Filter>UI</Filter>
    </ClCompile>
    <ClCompile Include="UI\BaseWindow.cpp">
      <Filter>UI</Filter>
    </ClCompile>
    <ClCompile Include="UI\TraceLogWindow.cpp">
      <Filter>UI</Filter>
    </ClCompile>
    <ClCompile Include="UI\AboutWindow.cpp">
      <Filter>UI</Filter>
    </ClCompile>
    <ClCompile Include="UI\FeedbackWindow.cpp">
      <Filter>UI</Filter>
    </ClCompile>
    <ClCompile Include="UI\RecorderWindow.cpp">
      <Filter>UI</Filter>
    </ClCompile>
    <ClCompile Include="..\SharedSource\Core\DebugData.cpp">
      <Filter>SharedSource\Core</Filter>
    </ClCompile>
    <ClCompile Include="..\SharedSource\Core\Debugger.cpp">
      <Filter>SharedSource\Core</Filter>
    </ClCompile>
    <ClCompile Include="..\SharedSource\Core\Disasm.cpp">
      <Filter>SharedSource\Core</Filter>
    </ClCompile>
    <ClCompile Include="..\SharedSource\Core\Display.cpp">
      <Filter>SharedSource\Core</Filter>
    </ClCompile>
    <ClCompile Include="..\SharedSource\Core\Fdc1793.cpp">
      <Filter>SharedSource\Core</Filter>
    </ClCompile>
    <ClCompile Include="..\SharedSource\Core\Hardware.cpp">
      <Filter>SharedSource\Core</Filter>
    </ClCompile>
    <ClCompile Include="..\SharedSource\Core\IO.cpp">
      <Filter>SharedSource\Core</Filter>
    </ClCompile>
    <ClCompile Include="..\SharedSource\Core\Keyboard.cpp">
      <Filter>SharedSource\Core</Filter>
    </ClCompile>
    <ClCompile Include="..\SharedSource\Core\Memory.cpp">
      <Filter>SharedSource\Core</Filter>
    </ClCompile>
    <ClCompile Include="..\SharedSource\Core\PitI8253.cpp">
      <Filter>SharedSource\Core</Filter>
    </ClCompile>
    <ClCompile Include="..\SharedSource\Core\Recorder.cpp">
      <Filter>SharedSource\Core</Filter>
    </ClCompile>
    <ClCompile Include="..\SharedSource\Core\SoundAY8910.cpp">
      <Filter>SharedSource\Core</Filter>
    </ClCompile>
    <ClCompile Include="..\SharedSource\Core\TimerI8253.cpp">
      <Filter>SharedSource\Core</Filter>
    </ClCompile>
    <ClCompile Include="..\SharedSource\Core\TraceLog.cpp">
      <Filter>SharedSource\Core</Filter>
    </ClCompile>
    <ClCompile Include="..\SharedSource\Core\Watchpoint.cpp">
      <Filter>SharedSource\Core</Filter>
    </ClCompile>
    <ClCompile Include="..\SharedSource\Core\Watchpoints.cpp">
      <Filter>SharedSource\Core</Filter>
    </ClCompile>
    <ClCompile Include="..\SharedSource\Core\Audio.cpp">
      <Filter>SharedSource\Core</Filter>
    </ClCompile>
    <ClCompile Include="..\SharedSource\Core\Breakpoint.cpp">
      <Filter>SharedSource\Core</Filter>
    </ClCompile>
    <ClCompile Include="..\SharedSource\Core\Breakpoints.cpp">
      <Filter>SharedSource\Core</Filter>
    </ClCompile>
    <ClCompile Include="..\SharedSource\Core\CpuI8080.cpp">
      <Filter>SharedSource\Core</Filter>
    </ClCompile>
    <ClCompile Include="..\SharedSource\Utils\GLUtils.cpp">
      <Filter>SharedSource\Utils</Filter>
    </ClCompile>
    <ClCompile Include="..\SharedSource\Utils\ImGuiApp.cpp">
      <Filter>SharedSource\Utils</Filter>
    </ClCompile>
    <ClCompile Include="..\SharedSource\Utils\ImGuiUtils.cpp">
      <Filter>SharedSource\Utils</Filter>
    </ClCompile>
    <ClCompile Include="..\SharedSource\Utils\JsonUtils.cpp">
      <Filter>SharedSource\Utils</Filter>
    </ClCompile>
    <ClCompile Include="..\SharedSource\Utils\StrUtils.cpp">
      <Filter>SharedSource\Utils</Filter>
    </ClCompile>
    <ClCompile Include="..\SharedSource\Utils\Utils.cpp">
      <Filter>SharedSource\Utils</Filter>
    </ClCompile>
    <ClCompile Include="..\SharedSource\Utils\ArgsParser.cpp">
      <Filter>SharedSource\Utils</Filter>
    </ClCompile>
  </ItemGroup>
  <ItemGroup>
    <ClInclude Include="DevectorApp.h" />
    <ClInclude Include="..\SharedSource\3rdParty\sqlite3\sqlite3.h">
      <Filter>SharedSource\3rdParty\sqlite3</Filter>
    </ClInclude>
    <ClInclude Include="..\SharedSource\3rdParty\sqlite3\sqlite3ext.h">
      <Filter>SharedSource\3rdParty\sqlite3</Filter>
    </ClInclude>
    <ClInclude Include="..\SharedSource\3rdParty\imgui\imconfig.h">
      <Filter>SharedSource\3rdParty\imgui</Filter>
    </ClInclude>
    <ClInclude Include="..\SharedSource\3rdParty\imgui\imgui.h">
      <Filter>SharedSource\3rdParty\imgui</Filter>
    </ClInclude>
    <ClInclude Include="..\SharedSource\3rdParty\imgui\imgui_internal.h">
      <Filter>SharedSource\3rdParty\imgui</Filter>
    </ClInclude>
    <ClInclude Include="..\SharedSource\3rdParty\imgui\backends\imgui_impl_glfw.h">
      <Filter>SharedSource\3rdParty\imgui</Filter>
    </ClInclude>
    <ClInclude Include="..\SharedSource\3rdParty\imgui\backends\imgui_impl_opengl3.h">
      <Filter>SharedSource\3rdParty\imgui</Filter>
    </ClInclude>
    <ClInclude Include="..\SharedSource\3rdParty\imgui\backends\imgui_impl_opengl3_loader.h">
      <Filter>SharedSource\3rdParty\imgui</Filter>
    </ClInclude>
    <ClInclude Include="..\SharedSource\3rdParty\imgui\misc\cpp\imgui_stdlib.h">
      <Filter>SharedSource\3rdParty\imgui</Filter>
    </ClInclude>
    <ClInclude Include="..\SharedSource\3rdParty\imgui\examples\libs\glfw\include\GLFW\glfw3native.h">
      <Filter>SharedSource\3rdParty\glfw</Filter>
    </ClInclude>
    <ClInclude Include="..\SharedSource\3rdParty\imgui\examples\libs\glfw\include\GLFW\glfw3.h">
      <Filter>SharedSource\3rdParty\glfw</Filter>
    </ClInclude>
    <ClInclude Include="..\SharedSource\3rdParty\glew\include\GL\glew.h">
      <Filter>SharedSource\3rdParty\glew</Filter>
    </ClInclude>
    <ClInclude Include="UI\BaseWindow.h">
      <Filter>UI</Filter>
    </ClInclude>
    <ClInclude Include="UI\BreakpointsWindow.h">
      <Filter>UI</Filter>
    </ClInclude>
    <ClInclude Include="UI\DisasmWindow.h">
      <Filter>UI</Filter>
    </ClInclude>
    <ClInclude Include="UI\DisplayWindow.h">
      <Filter>UI</Filter>
    </ClInclude>
    <ClInclude Include="UI\HardwareStatsWindow.h">
      <Filter>UI</Filter>
    </ClInclude>
    <ClInclude Include="UI\MemDisplayWindow.h">
      <Filter>UI</Filter>
    </ClInclude>
    <ClInclude Include="UI\HexViewerWindow.h">
      <Filter>UI</Filter>
    </ClInclude>
    <ClInclude Include="UI\WatchpointsWindow.h">
      <Filter>UI</Filter>
    </ClInclude>
    <ClInclude Include="UI\TraceLogWindow.h">
      <Filter>UI</Filter>
    </ClInclude>
    <ClInclude Include="UI\AboutWindow.h">
      <Filter>UI</Filter>
    </ClInclude>
    <ClInclude Include="UI\FeedbackWindow.h">
      <Filter>UI</Filter>
    </ClInclude>
    <ClInclude Include="UI\RecorderWindow.h">
      <Filter>UI</Filter>
    </ClInclude>
    <ClInclude Include="..\SharedSource\Core\DebugData.h">
      <Filter>SharedSource\Core</Filter>
    </ClInclude>
    <ClInclude Include="..\SharedSource\Core\Debugger.h">
      <Filter>SharedSource\Core</Filter>
    </ClInclude>
    <ClInclude Include="..\SharedSource\Core\Disasm.h">
      <Filter>SharedSource\Core</Filter>
    </ClInclude>
    <ClInclude Include="..\SharedSource\Core\Display.h">
      <Filter>SharedSource\Core</Filter>
    </ClInclude>
    <ClInclude Include="..\SharedSource\Core\FDC1793.h">
      <Filter>SharedSource\Core</Filter>
    </ClInclude>
    <ClInclude Include="..\SharedSource\Core\Fdd.h">
      <Filter>SharedSource\Core</Filter>
    </ClInclude>
    <ClInclude Include="..\SharedSource\Core\Hardware.h">
      <Filter>SharedSource\Core</Filter>
    </ClInclude>
    <ClInclude Include="..\SharedSource\Core\IO.h">
      <Filter>SharedSource\Core</Filter>
    </ClInclude>
    <ClInclude Include="..\SharedSource\Core\Keyboard.h">
      <Filter>SharedSource\Core</Filter>
    </ClInclude>
    <ClInclude Include="..\SharedSource\Core\Memory.h">
      <Filter>SharedSource\Core</Filter>
    </ClInclude>
    <ClInclude Include="..\SharedSource\Core\PitI8253.h">
      <Filter>SharedSource\Core</Filter>
    </ClInclude>
    <ClInclude Include="..\SharedSource\Core\Recorder.h">
      <Filter>SharedSource\Core</Filter>
    </ClInclude>
    <ClInclude Include="..\SharedSource\Core\SoundAY8910.h">
      <Filter>SharedSource\Core</Filter>
    </ClInclude>
    <ClInclude Include="..\SharedSource\Core\TimerI8253.h">
      <Filter>SharedSource\Core</Filter>
    </ClInclude>
    <ClInclude Include="..\SharedSource\Core\TraceLog.h">
      <Filter>SharedSource\Core</Filter>
    </ClInclude>
    <ClInclude Include="..\SharedSource\Core\Watchpoint.h">
      <Filter>SharedSource\Core</Filter>
    </ClInclude>
    <ClInclude Include="..\SharedSource\Core\Watchpoints.h">
      <Filter>SharedSource\Core</Filter>
    </ClInclude>
    <ClInclude Include="..\SharedSource\Core\Audio.h">
      <Filter>SharedSource\Core</Filter>
    </ClInclude>
    <ClInclude Include="..\SharedSource\Core\Breakpoint.h">
      <Filter>SharedSource\Core</Filter>
    </ClInclude>
    <ClInclude Include="..\SharedSource\Core\Breakpoints.h">
      <Filter>SharedSource\Core</Filter>
    </ClInclude>
    <ClInclude Include="..\SharedSource\Core\CpuI8080.h">
      <Filter>SharedSource\Core</Filter>
    </ClInclude>
    <ClInclude Include="..\SharedSource\Utils\Consts.h">
      <Filter>SharedSource\Utils</Filter>
    </ClInclude>
    <ClInclude Include="..\SharedSource\Utils\GLUtils.h">
      <Filter>SharedSource\Utils</Filter>
    </ClInclude>
    <ClInclude Include="..\SharedSource\Utils\ImGuiApp.h">
      <Filter>SharedSource\Utils</Filter>
    </ClInclude>
    <ClInclude Include="..\SharedSource\Utils\ImGuiUtils.h">
      <Filter>SharedSource\Utils</Filter>
    </ClInclude>
    <ClInclude Include="..\SharedSource\Utils\JsonUtils.h">
      <Filter>SharedSource\Utils</Filter>
    </ClInclude>
    <ClInclude Include="..\SharedSource\Utils\Result.h">
      <Filter>SharedSource\Utils</Filter>
    </ClInclude>
    <ClInclude Include="..\SharedSource\Utils\Status.h">
      <Filter>SharedSource\Utils</Filter>
    </ClInclude>
    <ClInclude Include="..\SharedSource\Utils\StrUtils.h">
      <Filter>SharedSource\Utils</Filter>
    </ClInclude>
    <ClInclude Include="..\SharedSource\Utils\TQueue.h">
      <Filter>SharedSource\Utils</Filter>
    </ClInclude>
    <ClInclude Include="..\SharedSource\Utils\Types.h">
      <Filter>SharedSource\Utils</Filter>
    </ClInclude>
    <ClInclude Include="..\SharedSource\Utils\Utils.h">
      <Filter>SharedSource\Utils</Filter>
    </ClInclude>
    <ClInclude Include="..\SharedSource\Utils\ArgsParser.h">
      <Filter>SharedSource\Utils</Filter>
    </ClInclude>
  </ItemGroup>
  <ItemGroup>
    <Filter Include="SharedSource">
      <UniqueIdentifier>{cb12fcba-4c9d-4bc6-a131-cbd1911178e5}</UniqueIdentifier>
    </Filter>
    <Filter Include="SharedSource\3rdParty">
      <UniqueIdentifier>{731ef5be-41e8-43c3-8455-be759cc8c2fe}</UniqueIdentifier>
    </Filter>
    <Filter Include="SharedSource\3rdParty\json">
      <UniqueIdentifier>{d63a61a7-4a5d-4aa2-9473-3b706b2162a9}</UniqueIdentifier>
    </Filter>
    <Filter Include="SharedSource\3rdParty\sqlite3">
      <UniqueIdentifier>{5f9506fd-ab86-4977-809b-0b260f8cb092}</UniqueIdentifier>
    </Filter>
    <Filter Include="SharedSource\3rdParty\doubleToStr">
      <UniqueIdentifier>{4bbd35c5-450f-44a5-bdb3-6f42cdbfbff9}</UniqueIdentifier>
    </Filter>
    <Filter Include="SharedSource\3rdParty\imgui">
      <UniqueIdentifier>{659ce8a3-5b90-4677-ba4b-71c334f756c9}</UniqueIdentifier>
    </Filter>
    <Filter Include="SharedSource\3rdParty\glew">
      <UniqueIdentifier>{0cc78307-a3f3-4661-9ab8-f8551a6801f6}</UniqueIdentifier>
    </Filter>
    <Filter Include="SharedSource\3rdParty\glfw">
      <UniqueIdentifier>{5970f580-d2e7-4c37-864f-e63c6a6233bc}</UniqueIdentifier>
    </Filter>
    <Filter Include="UI">
      <UniqueIdentifier>{a41a3537-054d-4f68-8e87-925e780e6d66}</UniqueIdentifier>
    </Filter>
    <Filter Include="SharedSource\Core">
      <UniqueIdentifier>{60b5c64d-7d8f-468d-a242-f741f7c06de2}</UniqueIdentifier>
    </Filter>
    <Filter Include="SharedSource\Utils">
      <UniqueIdentifier>{e6e59753-edda-4a8f-8e4e-449d3d7e38ab}</UniqueIdentifier>
    </Filter>
  </ItemGroup>
  <ItemGroup>
    <None Include="..\SharedSource\3rdParty\imgui\misc\debuggers\imgui.natstepfilter">
      <Filter>SharedSource\3rdParty\imgui</Filter>
    </None>
  </ItemGroup>
  <ItemGroup>
    <Natvis Include="..\SharedSource\3rdParty\imgui\misc\debuggers\imgui.natvis">
      <Filter>SharedSource\3rdParty\imgui</Filter>
    </Natvis>
  </ItemGroup>
</Project>