<?xml version="1.0" encoding="utf-8"?>
<Project ToolsVersion="4.0" xmlns="http://schemas.microsoft.com/developer/msbuild/2003">
  <ItemGroup>
    <Filter Include="src">
      <UniqueIdentifier>{d5c2cb6b-570e-4d87-b9d6-afa828b16c3f}</UniqueIdentifier>
    </Filter>
    <Filter Include="src\utils">
      <UniqueIdentifier>{622c6e66-3355-4671-862b-90f9dd32c232}</UniqueIdentifier>
    </Filter>
    <Filter Include="src\njson">
      <UniqueIdentifier>{0b95fada-03d8-403a-969f-90b485d23017}</UniqueIdentifier>
    </Filter>
    <Filter Include="src\core">
      <UniqueIdentifier>{a874e1ce-d9e8-4208-8f46-6c5f41533f27}</UniqueIdentifier>
    </Filter>
    <Filter Include="src\GL">
      <UniqueIdentifier>{6e279bb8-d042-4367-8e81-84e79b74ab83}</UniqueIdentifier>
    </Filter>
  </ItemGroup>
  <ItemGroup>
    <ClCompile Include="halwrapper.cpp">
      <Filter>src</Filter>
    </ClCompile>
    <ClCompile Include="..\..\utils\str_utils.cpp">
      <Filter>src\utils</Filter>
    </ClCompile>
    <ClCompile Include="..\..\utils\utils.cpp">
      <Filter>src\utils</Filter>
    </ClCompile>
    <ClCompile Include="..\..\utils\args_parser.cpp">
      <Filter>src\utils</Filter>
    </ClCompile>
    <ClCompile Include="..\..\utils\json_utils.cpp">
      <Filter>src\utils</Filter>
    </ClCompile>
    <ClCompile Include="..\..\core\audio.cpp">
      <Filter>src\core</Filter>
    </ClCompile>
    <ClCompile Include="..\..\core\breakpoint.cpp">
      <Filter>src\core</Filter>
    </ClCompile>
    <ClCompile Include="..\..\core\breakpoints.cpp">
      <Filter>src\core</Filter>
    </ClCompile>
    <ClCompile Include="..\..\core\cpu_i8080.cpp">
      <Filter>src\core</Filter>
    </ClCompile>
    <ClCompile Include="..\..\core\debugger.cpp">
      <Filter>src\core</Filter>
    </ClCompile>
    <ClCompile Include="..\..\core\debug_data.cpp">
      <Filter>src\core</Filter>
    </ClCompile>
    <ClCompile Include="..\..\core\disasm.cpp">
      <Filter>src\core</Filter>
    </ClCompile>
    <ClCompile Include="..\..\core\display.cpp">
      <Filter>src\core</Filter>
    </ClCompile>
    <ClCompile Include="..\..\core\fdc_wd1793.cpp">
      <Filter>src\core</Filter>
    </ClCompile>
    <ClCompile Include="..\..\core\hardware.cpp">
      <Filter>src\core</Filter>
    </ClCompile>
    <ClCompile Include="..\..\core\io.cpp">
      <Filter>src\core</Filter>
    </ClCompile>
    <ClCompile Include="..\..\core\keyboard.cpp">
      <Filter>src\core</Filter>
    </ClCompile>
    <ClCompile Include="..\..\core\memory.cpp">
      <Filter>src\core</Filter>
    </ClCompile>
    <ClCompile Include="..\..\core\recorder.cpp">
      <Filter>src\core</Filter>
    </ClCompile>
    <ClCompile Include="..\..\core\sound_ay8910.cpp">
      <Filter>src\core</Filter>
    </ClCompile>
    <ClCompile Include="..\..\core\timer_i8253.cpp">
      <Filter>src\core</Filter>
    </ClCompile>
    <ClCompile Include="..\..\core\trace_log.cpp">
      <Filter>src\core</Filter>
    </ClCompile>
    <ClCompile Include="..\..\core\watchpoint.cpp">
      <Filter>src\core</Filter>
    </ClCompile>
    <ClCompile Include="..\..\core\watchpoints.cpp">
      <Filter>src\core</Filter>
    </ClCompile>
  </ItemGroup>
  <ItemGroup>
    <ClInclude Include="halwrapper.h">
      <Filter>src</Filter>
    </ClInclude>
    <ClInclude Include="..\..\utils\result.h">
      <Filter>src\utils</Filter>
    </ClInclude>
    <ClInclude Include="..\..\utils\str_utils.h">
      <Filter>src\utils</Filter>
    </ClInclude>
    <ClInclude Include="..\..\utils\tqueue.h">
      <Filter>src\utils</Filter>
    </ClInclude>
    <ClInclude Include="..\..\utils\types.h">
      <Filter>src\utils</Filter>
    </ClInclude>
    <ClInclude Include="..\..\utils\utils.h">
      <Filter>src\utils</Filter>
    </ClInclude>
    <ClInclude Include="..\..\utils\args_parser.h">
      <Filter>src\utils</Filter>
    </ClInclude>
    <ClInclude Include="..\..\utils\consts.h">
      <Filter>src\utils</Filter>
    </ClInclude>
    <ClInclude Include="..\..\utils\json_utils.h">
      <Filter>src\utils</Filter>
    </ClInclude>
    <ClInclude Include="..\..\njson\json.hpp">
      <Filter>src\njson</Filter>
    </ClInclude>
    <ClInclude Include="..\..\core\audio.h">
      <Filter>src\core</Filter>
    </ClInclude>
    <ClInclude Include="..\..\core\breakpoint.h">
      <Filter>src\core</Filter>
    </ClInclude>
    <ClInclude Include="..\..\core\breakpoints.h">
      <Filter>src\core</Filter>
    </ClInclude>
    <ClInclude Include="..\..\core\cpu_i8080.h">
      <Filter>src\core</Filter>
    </ClInclude>
    <ClInclude Include="..\..\core\debugger.h">
      <Filter>src\core</Filter>
    </ClInclude>
    <ClInclude Include="..\..\core\debug_data.h">
      <Filter>src\core</Filter>
    </ClInclude>
    <ClInclude Include="..\..\core\disasm.h">
      <Filter>src\core</Filter>
    </ClInclude>
    <ClInclude Include="..\..\core\display.h">
      <Filter>src\core</Filter>
    </ClInclude>
    <ClInclude Include="..\..\core\fdc_wd1793.h">
      <Filter>src\core</Filter>
    </ClInclude>
    <ClInclude Include="..\..\core\fdd_consts.h">
      <Filter>src\core</Filter>
    </ClInclude>
    <ClInclude Include="..\..\core\hardware.h">
      <Filter>src\core</Filter>
    </ClInclude>
    <ClInclude Include="..\..\core\io.h">
      <Filter>src\core</Filter>
    </ClInclude>
    <ClInclude Include="..\..\core\keyboard.h">
      <Filter>src\core</Filter>
    </ClInclude>
    <ClInclude Include="..\..\core\memory.h">
      <Filter>src\core</Filter>
    </ClInclude>
    <ClInclude Include="..\..\core\recorder.h">
      <Filter>src\core</Filter>
    </ClInclude>
    <ClInclude Include="..\..\core\sound_ay8910.h">
      <Filter>src\core</Filter>
    </ClInclude>
    <ClInclude Include="..\..\core\timer_i8253.h">
      <Filter>src\core</Filter>
    </ClInclude>
    <ClInclude Include="..\..\core\trace_log.h">
      <Filter>src\core</Filter>
    </ClInclude>
    <ClInclude Include="..\..\core\watchpoint.h">
      <Filter>src\core</Filter>
    </ClInclude>
    <ClInclude Include="..\..\core\watchpoints.h">
      <Filter>src\core</Filter>
    </ClInclude>
    <ClInclude Include="..\glew\include\GL\eglew.h">
      <Filter>src\GL</Filter>
    </ClInclude>
    <ClInclude Include="..\glew\include\GL\glew.h">
      <Filter>src\GL</Filter>
    </ClInclude>
    <ClInclude Include="..\glew\include\GL\glxew.h">
      <Filter>src\GL</Filter>
    </ClInclude>
    <ClInclude Include="..\glew\include\GL\wglew.h">
      <Filter>src\GL</Filter>
    </ClInclude>
  </ItemGroup>
</Project>